# This file is autogenerated, do not edit; changes may be undone by the next 'dep ensure'.


[[projects]]
  branch = "master"
  name = "github.com/abhinavdahiya/go-messenger-bot"
  packages = ["."]
  revision = "9044eb25e9a32a2c169c9af490cb6179f14a9289"

[[projects]]
  name = "github.com/satori/go.uuid"
  packages = ["."]
  revision = "879c5887cd475cd7864858769793b2ceb0d44feb"
  version = "v1.1.0"

[solve-meta]
  analyzer-name = "dep"
  analyzer-version = 1
  inputs-digest = "cf8a5e667499cb011f2803bf28552952268a133d519a7ca8b4b9e4458ae057f0"
  solver-name = "gps-cdcl"
  solver-version = 1
